
Microsoft Visual Studio Solution File, Format Version 12.00
# Visual Studio Version 17
VisualStudioVersion = 17.6.33815.320
MinimumVisualStudioVersion = 10.0.40219.1
Project("{FAE04EC0-301F-11D3-BF4B-00C04F79EFBC}") = "Axiom", "Axiom\Axiom.csproj", "{D6006610-B419-40F6-80B4-D3A21EA27608}"
EndProject
Global
	GlobalSection(SolutionConfigurationPlatforms) = preSolution
		Debug|Any CPU = Debug|Any CPU
		Release|Any CPU = Release|Any CPU
	EndGlobalSection
	GlobalSection(ProjectConfigurationPlatforms) = postSolution
		{D6006610-B419-40F6-80B4-D3A21EA27608}.Debug|Any CPU.ActiveCfg = Debug|Any CPU
		{D6006610-B419-40F6-80B4-D3A21EA27608}.Debug|Any CPU.Build.0 = Debug|Any CPU
		{D6006610-B419-40F6-80B4-D3A21EA27608}.Release|Any CPU.ActiveCfg = Release|Any CPU
		{D6006610-B419-40F6-80B4-D3A21EA27608}.Release|Any CPU.Build.0 = Release|Any CPU
	EndGlobalSection
	GlobalSection(SolutionProperties) = preSolution
		HideSolutionNode = FALSE
	EndGlobalSection
	GlobalSection(ExtensibilityGlobals) = postSolution
		SolutionGuid = {F819D028-AF05-4A93-B53B-650E59CBC9ED}
	EndGlobalSection
EndGlobal
